
Microsoft Visual Studio Solution File, Format Version 12.00
# Visual Studio Version 17
VisualStudioVersion = 17.8.34004.107
MinimumVisualStudioVersion = 10.0.40219.1
Project("{FAE04EC0-301F-11D3-BF4B-00C04F79EFBC}") = "FinanceApp", "FinanceApp\FinanceApp.csproj", "{BCAFF608-FDB7-49D2-BECA-38623BC4C04B}"
EndProject
Global
	GlobalSection(SolutionConfigurationPlatforms) = preSolution
		Debug|Any CPU = Debug|Any CPU
		Release|Any CPU = Release|Any CPU
	EndGlobalSection
	GlobalSection(ProjectConfigurationPlatforms) = postSolution
		{BCAFF608-FDB7-49D2-BECA-38623BC4C04B}.Debug|Any CPU.ActiveCfg = Debug|Any CPU
		{BCAFF608-FDB7-49D2-BECA-38623BC4C04B}.Debug|Any CPU.Build.0 = Debug|Any CPU
		{BCAFF608-FDB7-49D2-BECA-38623BC4C04B}.Release|Any CPU.ActiveCfg = Release|Any CPU
		{BCAFF608-FDB7-49D2-BECA-38623BC4C04B}.Release|Any CPU.Build.0 = Release|Any CPU
	EndGlobalSection
	GlobalSection(SolutionProperties) = preSolution
		HideSolutionNode = FALSE
	EndGlobalSection
	GlobalSection(ExtensibilityGlobals) = postSolution
		SolutionGuid = {8BCCB7F0-A576-4B4B-A0EB-CDB4299FAE70}
	EndGlobalSection
EndGlobal
